
Microsoft Visual Studio Solution File, Format Version 12.00
# Visual Studio Version 17
VisualStudioVersion = 17.4.33213.308
MinimumVisualStudioVersion = 10.0.40219.1
Project("{FAE04EC0-301F-11D3-BF4B-00C04F79EFBC}") = "RemessaFaccao.Web", "RemessaFaccao.Web\RemessaFaccao.Web.csproj", "{C37E0546-D376-4863-967B-D5F0DBE0A830}"
	ProjectSection(ProjectDependencies) = postProject
		{3036F8C7-09CE-4510-AEA7-327AF5D7A09A} = {3036F8C7-09CE-4510-AEA7-327AF5D7A09A}
	EndProjectSection
EndProject
Project("{FAE04EC0-301F-11D3-BF4B-00C04F79EFBC}") = "RemessaFaccao.DAL", "RemessaFaccao.DAL\RemessaFaccao.DAL.csproj", "{3036F8C7-09CE-4510-AEA7-327AF5D7A09A}"
EndProject
Global
	GlobalSection(SolutionConfigurationPlatforms) = preSolution
		Debug|Any CPU = Debug|Any CPU
		Release|Any CPU = Release|Any CPU
	EndGlobalSection
	GlobalSection(ProjectConfigurationPlatforms) = postSolution
		{C37E0546-D376-4863-967B-D5F0DBE0A830}.Debug|Any CPU.ActiveCfg = Debug|Any CPU
		{C37E0546-D376-4863-967B-D5F0DBE0A830}.Debug|Any CPU.Build.0 = Debug|Any CPU
		{C37E0546-D376-4863-967B-D5F0DBE0A830}.Release|Any CPU.ActiveCfg = Release|Any CPU
		{C37E0546-D376-4863-967B-D5F0DBE0A830}.Release|Any CPU.Build.0 = Release|Any CPU
		{3036F8C7-09CE-4510-AEA7-327AF5D7A09A}.Debug|Any CPU.ActiveCfg = Debug|Any CPU
		{3036F8C7-09CE-4510-AEA7-327AF5D7A09A}.Debug|Any CPU.Build.0 = Debug|Any CPU
		{3036F8C7-09CE-4510-AEA7-327AF5D7A09A}.Release|Any CPU.ActiveCfg = Release|Any CPU
		{3036F8C7-09CE-4510-AEA7-327AF5D7A09A}.Release|Any CPU.Build.0 = Release|Any CPU
	EndGlobalSection
	GlobalSection(SolutionProperties) = preSolution
		HideSolutionNode = FALSE
	EndGlobalSection
	GlobalSection(ExtensibilityGlobals) = postSolution
		SolutionGuid = {D0B36167-57E9-40F2-B401-906948E2804B}
	EndGlobalSection
EndGlobal
